
Microsoft Visual Studio Solution File, Format Version 12.00
# Visual Studio Version 16
VisualStudioVersion = 16.0.30204.135
MinimumVisualStudioVersion = 10.0.40219.1
Project("{8BC9CEB8-8B4A-11D0-8D11-00A0C91BC942}") = "Core", "Core\Core.vcxproj", "{8596E138-8B5A-4561-893A-1E949824FCED}"
EndProject
Project("{8BC9CEB8-8B4A-11D0-8D11-00A0C91BC942}") = "Utilities", "Utilities\Utilities.vcxproj", "{EF45FEFD-E21E-4DD4-BCDC-ECB04EE4E859}"
EndProject
Project("{8BC9CEB8-8B4A-11D0-8D11-00A0C91BC942}") = "DirectX11", "DirectX11\DirectX11.vcxproj", "{6ED50570-5B15-4BC9-B2AE-E7D111324CE5}"
EndProject
Project("{8BC9CEB8-8B4A-11D0-8D11-00A0C91BC942}") = "Renderer", "Renderer\Renderer.vcxproj", "{3FDBF518-8F47-41D4-9926-95774D934B68}"
EndProject
Project("{8BC9CEB8-8B4A-11D0-8D11-00A0C91BC942}") = "Omniverse", "Omniverse\Omniverse.vcxproj", "{7B5EDBB1-740A-448B-BAAB-9E6A03A46A14}"
EndProject
Global
	GlobalSection(SolutionConfigurationPlatforms) = preSolution
		Debug|x64 = Debug|x64
		Debug|x86 = Debug|x86
		Release|x64 = Release|x64
		Release|x86 = Release|x86
	EndGlobalSection
	GlobalSection(ProjectConfigurationPlatforms) = postSolution
		{8596E138-8B5A-4561-893A-1E949824FCED}.Debug|x64.ActiveCfg = Debug|x64
		{8596E138-8B5A-4561-893A-1E949824FCED}.Debug|x64.Build.0 = Debug|x64
		{8596E138-8B5A-4561-893A-1E949824FCED}.Debug|x86.ActiveCfg = Debug|Win32
		{8596E138-8B5A-4561-893A-1E949824FCED}.Debug|x86.Build.0 = Debug|Win32
		{8596E138-8B5A-4561-893A-1E949824FCED}.Release|x64.ActiveCfg = Release|x64
		{8596E138-8B5A-4561-893A-1E949824FCED}.Release|x64.Build.0 = Release|x64
		{8596E138-8B5A-4561-893A-1E949824FCED}.Release|x86.ActiveCfg = Release|Win32
		{8596E138-8B5A-4561-893A-1E949824FCED}.Release|x86.Build.0 = Release|Win32
		{EF45FEFD-E21E-4DD4-BCDC-ECB04EE4E859}.Debug|x64.ActiveCfg = Debug|x64
		{EF45FEFD-E21E-4DD4-BCDC-ECB04EE4E859}.Debug|x64.Build.0 = Debug|x64
		{EF45FEFD-E21E-4DD4-BCDC-ECB04EE4E859}.Debug|x86.ActiveCfg = Debug|Win32
		{EF45FEFD-E21E-4DD4-BCDC-ECB04EE4E859}.Debug|x86.Build.0 = Debug|Win32
		{EF45FEFD-E21E-4DD4-BCDC-ECB04EE4E859}.Release|x64.ActiveCfg = Release|x64
		{EF45FEFD-E21E-4DD4-BCDC-ECB04EE4E859}.Release|x64.Build.0 = Release|x64
		{EF45FEFD-E21E-4DD4-BCDC-ECB04EE4E859}.Release|x86.ActiveCfg = Release|Win32
		{EF45FEFD-E21E-4DD4-BCDC-ECB04EE4E859}.Release|x86.Build.0 = Release|Win32
		{6ED50570-5B15-4BC9-B2AE-E7D111324CE5}.Debug|x64.ActiveCfg = Debug|x64
		{6ED50570-5B15-4BC9-B2AE-E7D111324CE5}.Debug|x64.Build.0 = Debug|x64
		{6ED50570-5B15-4BC9-B2AE-E7D111324CE5}.Debug|x86.ActiveCfg = Debug|Win32
		{6ED50570-5B15-4BC9-B2AE-E7D111324CE5}.Debug|x86.Build.0 = Debug|Win32
		{6ED50570-5B15-4BC9-B2AE-E7D111324CE5}.Release|x64.ActiveCfg = Release|x64
		{6ED50570-5B15-4BC9-B2AE-E7D111324CE5}.Release|x64.Build.0 = Release|x64
		{6ED50570-5B15-4BC9-B2AE-E7D111324CE5}.Release|x86.ActiveCfg = Release|Win32
		{6ED50570-5B15-4BC9-B2AE-E7D111324CE5}.Release|x86.Build.0 = Release|Win32
		{3FDBF518-8F47-41D4-9926-95774D934B68}.Debug|x64.ActiveCfg = Debug|x64
		{3FDBF518-8F47-41D4-9926-95774D934B68}.Debug|x64.Build.0 = Debug|x64
		{3FDBF518-8F47-41D4-9926-95774D934B68}.Debug|x86.ActiveCfg = Debug|Win32
		{3FDBF518-8F47-41D4-9926-95774D934B68}.Debug|x86.Build.0 = Debug|Win32
		{3FDBF518-8F47-41D4-9926-95774D934B68}.Release|x64.ActiveCfg = Release|x64
		{3FDBF518-8F47-41D4-9926-95774D934B68}.Release|x64.Build.0 = Release|x64
		{3FDBF518-8F47-41D4-9926-95774D934B68}.Release|x86.ActiveCfg = Release|Win32
		{3FDBF518-8F47-41D4-9926-95774D934B68}.Release|x86.Build.0 = Release|Win32
		{7B5EDBB1-740A-448B-BAAB-9E6A03A46A14}.Debug|x64.ActiveCfg = Debug|x64
		{7B5EDBB1-740A-448B-BAAB-9E6A03A46A14}.Debug|x64.Build.0 = Debug|x64
		{7B5EDBB1-740A-448B-BAAB-9E6A03A46A14}.Debug|x86.ActiveCfg = Debug|Win32
		{7B5EDBB1-740A-448B-BAAB-9E6A03A46A14}.Debug|x86.Build.0 = Debug|Win32
		{7B5EDBB1-740A-448B-BAAB-9E6A03A46A14}.Release|x64.ActiveCfg = Release|x64
		{7B5EDBB1-740A-448B-BAAB-9E6A03A46A14}.Release|x64.Build.0 = Release|x64
		{7B5EDBB1-740A-448B-BAAB-9E6A03A46A14}.Release|x86.ActiveCfg = Release|Win32
		{7B5EDBB1-740A-448B-BAAB-9E6A03A46A14}.Release|x86.Build.0 = Release|Win32
	EndGlobalSection
	GlobalSection(SolutionProperties) = preSolution
		HideSolutionNode = FALSE
	EndGlobalSection
	GlobalSection(ExtensibilityGlobals) = postSolution
		SolutionGuid = {26D83B66-9FB0-4215-843B-4DA31899E291}
	EndGlobalSection
EndGlobal
